
Microsoft Visual Studio Solution File, Format Version 12.00
# Visual Studio Version 17
VisualStudioVersion = 17.14.36717.8 d17.14
MinimumVisualStudioVersion = 10.0.40219.1
Project("{FAE04EC0-301F-11D3-BF4B-00C04F79EFBC}") = "reflection", "reflection.csproj", "{E9BCCEF3-52C9-443A-BFE2-E53AD8975273}"
EndProject
Global
	GlobalSection(SolutionConfigurationPlatforms) = preSolution
		Debug|Any CPU = Debug|Any CPU
		Release|Any CPU = Release|Any CPU
	EndGlobalSection
	GlobalSection(ProjectConfigurationPlatforms) = postSolution
		{E9BCCEF3-52C9-443A-BFE2-E53AD8975273}.Debug|Any CPU.ActiveCfg = Debug|Any CPU
		{E9BCCEF3-52C9-443A-BFE2-E53AD8975273}.Debug|Any CPU.Build.0 = Debug|Any CPU
		{E9BCCEF3-52C9-443A-BFE2-E53AD8975273}.Release|Any CPU.ActiveCfg = Release|Any CPU
		{E9BCCEF3-52C9-443A-BFE2-E53AD8975273}.Release|Any CPU.Build.0 = Release|Any CPU
	EndGlobalSection
	GlobalSection(SolutionProperties) = preSolution
		HideSolutionNode = FALSE
	EndGlobalSection
	GlobalSection(ExtensibilityGlobals) = postSolution
		SolutionGuid = {66D55C68-C7B4-481D-9F4E-D0AB3C6353AB}
	EndGlobalSection
EndGlobal
