
Microsoft Visual Studio Solution File, Format Version 12.00
# Visual Studio Version 17
VisualStudioVersion = 17.14.36717.8 d17.14
MinimumVisualStudioVersion = 10.0.40219.1
Project("{FAE04EC0-301F-11D3-BF4B-00C04F79EFBC}") = "DBCrud", "DBCrud.csproj", "{BC00685F-1CBA-4A10-A6DA-803370D0DE04}"
EndProject
Global
	GlobalSection(SolutionConfigurationPlatforms) = preSolution
		Debug|Any CPU = Debug|Any CPU
		Release|Any CPU = Release|Any CPU
	EndGlobalSection
	GlobalSection(ProjectConfigurationPlatforms) = postSolution
		{BC00685F-1CBA-4A10-A6DA-803370D0DE04}.Debug|Any CPU.ActiveCfg = Debug|Any CPU
		{BC00685F-1CBA-4A10-A6DA-803370D0DE04}.Debug|Any CPU.Build.0 = Debug|Any CPU
		{BC00685F-1CBA-4A10-A6DA-803370D0DE04}.Release|Any CPU.ActiveCfg = Release|Any CPU
		{BC00685F-1CBA-4A10-A6DA-803370D0DE04}.Release|Any CPU.Build.0 = Release|Any CPU
	EndGlobalSection
	GlobalSection(SolutionProperties) = preSolution
		HideSolutionNode = FALSE
	EndGlobalSection
	GlobalSection(ExtensibilityGlobals) = postSolution
		SolutionGuid = {6DD2C384-4201-4705-ABC9-480EF0E64802}
	EndGlobalSection
EndGlobal
